// !$*UTF8*$!
{
	archiveVersion = 1;
	classes = {
	};
	objectVersion = 46;
	objects = {

/* Begin PBXBuildFile section */
		FFBF6CBA1E681DF6008B7F73 /* AppDelegate.swift in Sources */ = {isa = PBXBuildFile; fileRef = FFBF6CB91E681DF6008B7F73 /* AppDelegate.swift */; };
		FFBF6CBF1E681DF6008B7F73 /* Main.storyboard in Resources */ = {isa = PBXBuildFile; fileRef = FFBF6CBD1E681DF6008B7F73 /* Main.storyboard */; };
		FFBF6CC11E681DF6008B7F73 /* Assets.xcassets in Resources */ = {isa = PBXBuildFile; fileRef = FFBF6CC01E681DF6008B7F73 /* Assets.xcassets */; };
		FFBF6CC41E681DF6008B7F73 /* LaunchScreen.storyboard in Resources */ = {isa = PBXBuildFile; fileRef = FFBF6CC21E681DF6008B7F73 /* LaunchScreen.storyboard */; };
		FFBF6CCF1E681DF6008B7F73 /* HorizontalMenuDemoUITests.swift in Sources */ = {isa = PBXBuildFile; fileRef = FFBF6CCE1E681DF6008B7F73 /* HorizontalMenuDemoUITests.swift */; };
		FFBF6CE51E681EF5008B7F73 /* TPGHorizontalMenu.framework in Frameworks */ = {isa = PBXBuildFile; fileRef = FFBF6CE21E681EE2008B7F73 /* TPGHorizontalMenu.framework */; };
		FFBF6CE61E681EF5008B7F73 /* TPGHorizontalMenu.framework in Embed Frameworks */ = {isa = PBXBuildFile; fileRef = FFBF6CE21E681EE2008B7F73 /* TPGHorizontalMenu.framework */; settings = {ATTRIBUTES = (CodeSignOnCopy, RemoveHeadersOnCopy, ); }; };
		FFF72D481E89401B0012A0C0 /* UIStoryboard+Initialization.swift in Sources */ = {isa = PBXBuildFile; fileRef = FFF72D431E89401B0012A0C0 /* UIStoryboard+Initialization.swift */; };
		FFF72D491E89401B0012A0C0 /* MenuScreenViewController.swift in Sources */ = {isa = PBXBuildFile; fileRef = FFF72D461E89401B0012A0C0 /* MenuScreenViewController.swift */; };
		FFF72D4A1E89401B0012A0C0 /* MenuContainerViewController.swift in Sources */ = {isa = PBXBuildFile; fileRef = FFF72D471E89401B0012A0C0 /* MenuContainerViewController.swift */; };
		FFF72D4D1E8946000012A0C0 /* UIColor+ApplicationColor.swift in Sources */ = {isa = PBXBuildFile; fileRef = FFF72D4C1E8946000012A0C0 /* UIColor+ApplicationColor.swift */; };
		FFF72D501E89467F0012A0C0 /* UIFont+ApplicationFonts.swift in Sources */ = {isa = PBXBuildFile; fileRef = FFF72D4F1E89467F0012A0C0 /* UIFont+ApplicationFonts.swift */; };
		FFF72D521E8946BF0012A0C0 /* DemoItem.swift in Sources */ = {isa = PBXBuildFile; fileRef = FFF72D511E8946BF0012A0C0 /* DemoItem.swift */; };
/* End PBXBuildFile section */

/* Begin PBXContainerItemProxy section */
		FFBF6CCB1E681DF6008B7F73 /* PBXContainerItemProxy */ = {
			isa = PBXContainerItemProxy;
			containerPortal = FFBF6CAE1E681DF6008B7F73 /* Project object */;
			proxyType = 1;
			remoteGlobalIDString = FFBF6CB51E681DF6008B7F73;
			remoteInfo = HorizontalMenuDemo;
		};
		FFBF6CE11E681EE2008B7F73 /* PBXContainerItemProxy */ = {
			isa = PBXContainerItemProxy;
			containerPortal = FFBF6CDC1E681EE2008B7F73 /* TPGHorizontalMenu.xcodeproj */;
			proxyType = 2;
			remoteGlobalIDString = FFBF6C931E681D7D008B7F73;
			remoteInfo = TPGHorizontalMenu;
		};
		FFBF6CE31E681EE2008B7F73 /* PBXContainerItemProxy */ = {
			isa = PBXContainerItemProxy;
			containerPortal = FFBF6CDC1E681EE2008B7F73 /* TPGHorizontalMenu.xcodeproj */;
			proxyType = 2;
			remoteGlobalIDString = FFBF6C9C1E681D7D008B7F73;
			remoteInfo = TPGHorizontalMenuTests;
		};
		FFBF6CE71E681EF5008B7F73 /* PBXContainerItemProxy */ = {
			isa = PBXContainerItemProxy;
			containerPortal = FFBF6CDC1E681EE2008B7F73 /* TPGHorizontalMenu.xcodeproj */;
			proxyType = 1;
			remoteGlobalIDString = FFBF6C921E681D7D008B7F73;
			remoteInfo = TPGHorizontalMenu;
		};
/* End PBXContainerItemProxy section */

/* Begin PBXCopyFilesBuildPhase section */
		FFBF6CE91E681EF5008B7F73 /* Embed Frameworks */ = {
			isa = PBXCopyFilesBuildPhase;
			buildActionMask = 2147483647;
			dstPath = "";
			dstSubfolderSpec = 10;
			files = (
				FFBF6CE61E681EF5008B7F73 /* TPGHorizontalMenu.framework in Embed Frameworks */,
			);
			name = "Embed Frameworks";
			runOnlyForDeploymentPostprocessing = 0;
		};
/* End PBXCopyFilesBuildPhase section */

/* Begin PBXFileReference section */
		FFBF6CB61E681DF6008B7F73 /* HorizontalMenuDemo.app */ = {isa = PBXFileReference; explicitFileType = wrapper.application; includeInIndex = 0; path = HorizontalMenuDemo.app; sourceTree = BUILT_PRODUCTS_DIR; };
		FFBF6CB91E681DF6008B7F73 /* AppDelegate.swift */ = {isa = PBXFileReference; lastKnownFileType = sourcecode.swift; path = AppDelegate.swift; sourceTree = "<group>"; };
		FFBF6CBE1E681DF6008B7F73 /* Base */ = {isa = PBXFileReference; lastKnownFileType = file.storyboard; name = Base; path = Base.lproj/Main.storyboard; sourceTree = "<group>"; };
		FFBF6CC01E681DF6008B7F73 /* Assets.xcassets */ = {isa = PBXFileReference; lastKnownFileType = folder.assetcatalog; path = Assets.xcassets; sourceTree = "<group>"; };
		FFBF6CC31E681DF6008B7F73 /* Base */ = {isa = PBXFileReference; lastKnownFileType = file.storyboard; name = Base; path = Base.lproj/LaunchScreen.storyboard; sourceTree = "<group>"; };
		FFBF6CC51E681DF6008B7F73 /* Info.plist */ = {isa = PBXFileReference; lastKnownFileType = text.plist.xml; path = Info.plist; sourceTree = "<group>"; };
		FFBF6CCA1E681DF6008B7F73 /* HorizontalMenuDemoUITests.xctest */ = {isa = PBXFileReference; explicitFileType = wrapper.cfbundle; includeInIndex = 0; path = HorizontalMenuDemoUITests.xctest; sourceTree = BUILT_PRODUCTS_DIR; };
		FFBF6CCE1E681DF6008B7F73 /* HorizontalMenuDemoUITests.swift */ = {isa = PBXFileReference; lastKnownFileType = sourcecode.swift; path = HorizontalMenuDemoUITests.swift; sourceTree = "<group>"; };
		FFBF6CD01E681DF6008B7F73 /* Info.plist */ = {isa = PBXFileReference; lastKnownFileType = text.plist.xml; path = Info.plist; sourceTree = "<group>"; };
		FFBF6CDC1E681EE2008B7F73 /* TPGHorizontalMenu.xcodeproj */ = {isa = PBXFileReference; lastKnownFileType = "wrapper.pb-project"; name = TPGHorizontalMenu.xcodeproj; path = ../TPGHorizontalMenu/TPGHorizontalMenu.xcodeproj; sourceTree = "<group>"; };
		FFF72D431E89401B0012A0C0 /* UIStoryboard+Initialization.swift */ = {isa = PBXFileReference; fileEncoding = 4; lastKnownFileType = sourcecode.swift; path = "UIStoryboard+Initialization.swift"; sourceTree = "<group>"; };
		FFF72D461E89401B0012A0C0 /* MenuScreenViewController.swift */ = {isa = PBXFileReference; fileEncoding = 4; lastKnownFileType = sourcecode.swift; path = MenuScreenViewController.swift; sourceTree = "<group>"; };
		FFF72D471E89401B0012A0C0 /* MenuContainerViewController.swift */ = {isa = PBXFileReference; fileEncoding = 4; lastKnownFileType = sourcecode.swift; path = MenuContainerViewController.swift; sourceTree = "<group>"; };
		FFF72D4C1E8946000012A0C0 /* UIColor+ApplicationColor.swift */ = {isa = PBXFileReference; fileEncoding = 4; lastKnownFileType = sourcecode.swift; path = "UIColor+ApplicationColor.swift"; sourceTree = "<group>"; };
		FFF72D4F1E89467F0012A0C0 /* UIFont+ApplicationFonts.swift */ = {isa = PBXFileReference; fileEncoding = 4; lastKnownFileType = sourcecode.swift; path = "UIFont+ApplicationFonts.swift"; sourceTree = "<group>"; };
		FFF72D511E8946BF0012A0C0 /* DemoItem.swift */ = {isa = PBXFileReference; fileEncoding = 4; lastKnownFileType = sourcecode.swift; path = DemoItem.swift; sourceTree = "<group>"; };
/* End PBXFileReference section */

/* Begin PBXFrameworksBuildPhase section */
		FFBF6CB31E681DF6008B7F73 /* Frameworks */ = {
			isa = PBXFrameworksBuildPhase;
			buildActionMask = 2147483647;
			files = (
				FFBF6CE51E681EF5008B7F73 /* TPGHorizontalMenu.framework in Frameworks */,
			);
			runOnlyForDeploymentPostprocessing = 0;
		};
		FFBF6CC71E681DF6008B7F73 /* Frameworks */ = {
			isa = PBXFrameworksBuildPhase;
			buildActionMask = 2147483647;
			files = (
			);
			runOnlyForDeploymentPostprocessing = 0;
		};
/* End PBXFrameworksBuildPhase section */

/* Begin PBXGroup section */
		FFBF6CAD1E681DF6008B7F73 = {
			isa = PBXGroup;
			children = (
				FFBF6CDC1E681EE2008B7F73 /* TPGHorizontalMenu.xcodeproj */,
				FFBF6CB81E681DF6008B7F73 /* HorizontalMenuDemo */,
				FFBF6CCD1E681DF6008B7F73 /* HorizontalMenuDemoUITests */,
				FFBF6CB71E681DF6008B7F73 /* Products */,
			);
			sourceTree = "<group>";
		};
		FFBF6CB71E681DF6008B7F73 /* Products */ = {
			isa = PBXGroup;
			children = (
				FFBF6CB61E681DF6008B7F73 /* HorizontalMenuDemo.app */,
				FFBF6CCA1E681DF6008B7F73 /* HorizontalMenuDemoUITests.xctest */,
			);
			name = Products;
			sourceTree = "<group>";
		};
		FFBF6CB81E681DF6008B7F73 /* HorizontalMenuDemo */ = {
			isa = PBXGroup;
			children = (
				FFF72D421E89401B0012A0C0 /* Extensions */,
				FFF72D441E89401B0012A0C0 /* Model */,
				FFF72D451E89401B0012A0C0 /* View Controllers */,
				FFBF6CB91E681DF6008B7F73 /* AppDelegate.swift */,
				FFBF6CBD1E681DF6008B7F73 /* Main.storyboard */,
				FFBF6CC01E681DF6008B7F73 /* Assets.xcassets */,
				FFBF6CC21E681DF6008B7F73 /* LaunchScreen.storyboard */,
				FFBF6CC51E681DF6008B7F73 /* Info.plist */,
			);
			path = HorizontalMenuDemo;
			sourceTree = "<group>";
		};
		FFBF6CCD1E681DF6008B7F73 /* HorizontalMenuDemoUITests */ = {
			isa = PBXGroup;
			children = (
				FFBF6CCE1E681DF6008B7F73 /* HorizontalMenuDemoUITests.swift */,
				FFBF6CD01E681DF6008B7F73 /* Info.plist */,
			);
			path = HorizontalMenuDemoUITests;
			sourceTree = "<group>";
		};
		FFBF6CDD1E681EE2008B7F73 /* Products */ = {
			isa = PBXGroup;
			children = (
				FFBF6CE21E681EE2008B7F73 /* TPGHorizontalMenu.framework */,
				FFBF6CE41E681EE2008B7F73 /* TPGHorizontalMenuTests.xctest */,
			);
			name = Products;
			sourceTree = "<group>";
		};
		FFF72D421E89401B0012A0C0 /* Extensions */ = {
			isa = PBXGroup;
			children = (
				FFF72D431E89401B0012A0C0 /* UIStoryboard+Initialization.swift */,
				FFF72D4C1E8946000012A0C0 /* UIColor+ApplicationColor.swift */,
				FFF72D4F1E89467F0012A0C0 /* UIFont+ApplicationFonts.swift */,
			);
			path = Extensions;
			sourceTree = "<group>";
		};
		FFF72D441E89401B0012A0C0 /* Model */ = {
			isa = PBXGroup;
			children = (
				FFF72D511E8946BF0012A0C0 /* DemoItem.swift */,
			);
			path = Model;
			sourceTree = "<group>";
		};
		FFF72D451E89401B0012A0C0 /* View Controllers */ = {
			isa = PBXGroup;
			children = (
				FFF72D461E89401B0012A0C0 /* MenuScreenViewController.swift */,
				FFF72D471E89401B0012A0C0 /* MenuContainerViewController.swift */,
			);
			path = "View Controllers";
			sourceTree = "<group>";
		};
/* End PBXGroup section */

/* Begin PBXNativeTarget section */
		FFBF6CB51E681DF6008B7F73 /* HorizontalMenuDemo */ = {
			isa = PBXNativeTarget;
			buildConfigurationList = FFBF6CD31E681DF6008B7F73 /* Build configuration list for PBXNativeTarget "HorizontalMenuDemo" */;
			buildPhases = (
				FFBF6CB21E681DF6008B7F73 /* Sources */,
				FFBF6CB31E681DF6008B7F73 /* Frameworks */,
				FFBF6CB41E681DF6008B7F73 /* Resources */,
				FFBF6CE91E681EF5008B7F73 /* Embed Frameworks */,
			);
			buildRules = (
			);
			dependencies = (
				FFBF6CE81E681EF5008B7F73 /* PBXTargetDependency */,
			);
			name = HorizontalMenuDemo;
			productName = HorizontalMenuDemo;
			productReference = FFBF6CB61E681DF6008B7F73 /* HorizontalMenuDemo.app */;
			productType = "com.apple.product-type.application";
		};
		FFBF6CC91E681DF6008B7F73 /* HorizontalMenuDemoUITests */ = {
			isa = PBXNativeTarget;
			buildConfigurationList = FFBF6CD61E681DF6008B7F73 /* Build configuration list for PBXNativeTarget "HorizontalMenuDemoUITests" */;
			buildPhases = (
				FFBF6CC61E681DF6008B7F73 /* Sources */,
				FFBF6CC71E681DF6008B7F73 /* Frameworks */,
				FFBF6CC81E681DF6008B7F73 /* Resources */,
			);
			buildRules = (
			);
			dependencies = (
				FFBF6CCC1E681DF6008B7F73 /* PBXTargetDependency */,
			);
			name = HorizontalMenuDemoUITests;
			productName = HorizontalMenuDemoUITests;
			productReference = FFBF6CCA1E681DF6008B7F73 /* HorizontalMenuDemoUITests.xctest */;
			productType = "com.apple.product-type.bundle.ui-testing";
		};
/* End PBXNativeTarget section */

/* Begin PBXProject section */
		FFBF6CAE1E681DF6008B7F73 /* Project object */ = {
			isa = PBXProject;
			attributes = {
				LastSwiftUpdateCheck = 0820;
				LastUpgradeCheck = 0910;
				ORGANIZATIONNAME = "3Pillar Global";
				TargetAttributes = {
					FFBF6CB51E681DF6008B7F73 = {
						CreatedOnToolsVersion = 8.2.1;
						DevelopmentTeam = TMQ7PR2UWW;
						LastSwiftMigration = 0910;
						ProvisioningStyle = Automatic;
					};
					FFBF6CC91E681DF6008B7F73 = {
						CreatedOnToolsVersion = 8.2.1;
						LastSwiftMigration = 0910;
						ProvisioningStyle = Automatic;
						TestTargetID = FFBF6CB51E681DF6008B7F73;
					};
				};
			};
			buildConfigurationList = FFBF6CB11E681DF6008B7F73 /* Build configuration list for PBXProject "HorizontalMenuDemo" */;
			compatibilityVersion = "Xcode 3.2";
			developmentRegion = English;
			hasScannedForEncodings = 0;
			knownRegions = (
				en,
				Base,
			);
			mainGroup = FFBF6CAD1E681DF6008B7F73;
			productRefGroup = FFBF6CB71E681DF6008B7F73 /* Products */;
			projectDirPath = "";
			projectReferences = (
				{
					ProductGroup = FFBF6CDD1E681EE2008B7F73 /* Products */;
					ProjectRef = FFBF6CDC1E681EE2008B7F73 /* TPGHorizontalMenu.xcodeproj */;
				},
			);
			projectRoot = "";
			targets = (
				FFBF6CB51E681DF6008B7F73 /* HorizontalMenuDemo */,
				FFBF6CC91E681DF6008B7F73 /* HorizontalMenuDemoUITests */,
			);
		};
/* End PBXProject section */

/* Begin PBXReferenceProxy section */
		FFBF6CE21E681EE2008B7F73 /* TPGHorizontalMenu.framework */ = {
			isa = PBXReferenceProxy;
			fileType = wrapper.framework;
			path = TPGHorizontalMenu.framework;
			remoteRef = FFBF6CE11E681EE2008B7F73 /* PBXContainerItemProxy */;
			sourceTree = BUILT_PRODUCTS_DIR;
		};
		FFBF6CE41E681EE2008B7F73 /* TPGHorizontalMenuTests.xctest */ = {
			isa = PBXReferenceProxy;
			fileType = wrapper.cfbundle;
			path = TPGHorizontalMenuTests.xctest;
			remoteRef = FFBF6CE31E681EE2008B7F73 /* PBXContainerItemProxy */;
			sourceTree = BUILT_PRODUCTS_DIR;
		};
/* End PBXReferenceProxy section */

/* Begin PBXResourcesBuildPhase section */
		FFBF6CB41E681DF6008B7F73 /* Resources */ = {
			isa = PBXResourcesBuildPhase;
			buildActionMask = 2147483647;
			files = (
				FFBF6CC41E681DF6008B7F73 /* LaunchScreen.storyboard in Resources */,
				FFBF6CC11E681DF6008B7F73 /* Assets.xcassets in Resources */,
				FFBF6CBF1E681DF6008B7F73 /* Main.storyboard in Resources */,
			);
			runOnlyForDeploymentPostprocessing = 0;
		};
		FFBF6CC81E681DF6008B7F73 /* Resources */ = {
			isa = PBXResourcesBuildPhase;
			buildActionMask = 2147483647;
			files = (
			);
			runOnlyForDeploymentPostprocessing = 0;
		};
/* End PBXResourcesBuildPhase section */

/* Begin PBXSourcesBuildPhase section */
		FFBF6CB21E681DF6008B7F73 /* Sources */ = {
			isa = PBXSourcesBuildPhase;
			buildActionMask = 2147483647;
			files = (
				FFF72D4D1E8946000012A0C0 /* UIColor+ApplicationColor.swift in Sources */,
				FFF72D481E89401B0012A0C0 /* UIStoryboard+Initialization.swift in Sources */,
				FFBF6CBA1E681DF6008B7F73 /* AppDelegate.swift in Sources */,
				FFF72D4A1E89401B0012A0C0 /* MenuContainerViewController.swift in Sources */,
				FFF72D521E8946BF0012A0C0 /* DemoItem.swift in Sources */,
				FFF72D501E89467F0012A0C0 /* UIFont+ApplicationFonts.swift in Sources */,
				FFF72D491E89401B0012A0C0 /* MenuScreenViewController.swift in Sources */,
			);
			runOnlyForDeploymentPostprocessing = 0;
		};
		FFBF6CC61E681DF6008B7F73 /* Sources */ = {
			isa = PBXSourcesBuildPhase;
			buildActionMask = 2147483647;
			files = (
				FFBF6CCF1E681DF6008B7F73 /* HorizontalMenuDemoUITests.swift in Sources */,
			);
			runOnlyForDeploymentPostprocessing = 0;
		};
/* End PBXSourcesBuildPhase section */

/* Begin PBXTargetDependency section */
		FFBF6CCC1E681DF6008B7F73 /* PBXTargetDependency */ = {
			isa = PBXTargetDependency;
			target = FFBF6CB51E681DF6008B7F73 /* HorizontalMenuDemo */;
			targetProxy = FFBF6CCB1E681DF6008B7F73 /* PBXContainerItemProxy */;
		};
		FFBF6CE81E681EF5008B7F73 /* PBXTargetDependency */ = {
			isa = PBXTargetDependency;
			name = TPGHorizontalMenu;
			targetProxy = FFBF6CE71E681EF5008B7F73 /* PBXContainerItemProxy */;
		};
/* End PBXTargetDependency section */

/* Begin PBXVariantGroup section */
		FFBF6CBD1E681DF6008B7F73 /* Main.storyboard */ = {
			isa = PBXVariantGroup;
			children = (
				FFBF6CBE1E681DF6008B7F73 /* Base */,
			);
			name = Main.storyboard;
			sourceTree = "<group>";
		};
		FFBF6CC21E681DF6008B7F73 /* LaunchScreen.storyboard */ = {
			isa = PBXVariantGroup;
			children = (
				FFBF6CC31E681DF6008B7F73 /* Base */,
			);
			name = LaunchScreen.storyboard;
			sourceTree = "<group>";
		};
/* End PBXVariantGroup section */

/* Begin XCBuildConfiguration section */
		FFBF6CD11E681DF6008B7F73 /* Debug */ = {
			isa = XCBuildConfiguration;
			buildSettings = {
				ALWAYS_SEARCH_USER_PATHS = NO;
				CLANG_ANALYZER_NONNULL = YES;
				CLANG_CXX_LANGUAGE_STANDARD = "gnu++0x";
				CLANG_CXX_LIBRARY = "libc++";
				CLANG_ENABLE_MODULES = YES;
				CLANG_ENABLE_OBJC_ARC = YES;
				CLANG_WARN_BLOCK_CAPTURE_AUTORELEASING = YES;
				CLANG_WARN_BOOL_CONVERSION = YES;
				CLANG_WARN_COMMA = YES;
				CLANG_WARN_CONSTANT_CONVERSION = YES;
				CLANG_WARN_DIRECT_OBJC_ISA_USAGE = YES_ERROR;
				CLANG_WARN_DOCUMENTATION_COMMENTS = YES;
				CLANG_WARN_EMPTY_BODY = YES;
				CLANG_WARN_ENUM_CONVERSION = YES;
				CLANG_WARN_INFINITE_RECURSION = YES;
				CLANG_WARN_INT_CONVERSION = YES;
				CLANG_WARN_NON_LITERAL_NULL_CONVERSION = YES;
				CLANG_WARN_OBJC_LITERAL_CONVERSION = YES;
				CLANG_WARN_OBJC_ROOT_CLASS = YES_ERROR;
				CLANG_WARN_RANGE_LOOP_ANALYSIS = YES;
				CLANG_WARN_STRICT_PROTOTYPES = YES;
				CLANG_WARN_SUSPICIOUS_MOVE = YES;
				CLANG_WARN_UNREACHABLE_CODE = YES;
				CLANG_WARN__DUPLICATE_METHOD_MATCH = YES;
				"CODE_SIGN_IDENTITY[sdk=iphoneos*]" = "iPhone Developer";
				COPY_PHASE_STRIP = NO;
				DEBUG_INFORMATION_FORMAT = dwarf;
				ENABLE_STRICT_OBJC_MSGSEND = YES;
				ENABLE_TESTABILITY = YES;
				GCC_C_LANGUAGE_STANDARD = gnu99;
				GCC_DYNAMIC_NO_PIC = NO;
				GCC_NO_COMMON_BLOCKS = YES;
				GCC_OPTIMIZATION_LEVEL = 0;
				GCC_PREPROCESSOR_DEFINITIONS = (
					"DEBUG=1",
					"$(inherited)",
				);
				GCC_WARN_64_TO_32_BIT_CONVERSION = YES;
				GCC_WARN_ABOUT_RETURN_TYPE = YES_ERROR;
				GCC_WARN_UNDECLARED_SELECTOR = YES;
				GCC_WARN_UNINITIALIZED_AUTOS = YES_AGGRESSIVE;
				GCC_WARN_UNUSED_FUNCTION = YES;
				GCC_WARN_UNUSED_VARIABLE = YES;
				IPHONEOS_DEPLOYMENT_TARGET = 10.2;
				MTL_ENABLE_DEBUG_INFO = YES;
				ONLY_ACTIVE_ARCH = YES;
				SDKROOT = iphoneos;
				SWIFT_ACTIVE_COMPILATION_CONDITIONS = DEBUG;
				SWIFT_OPTIMIZATION_LEVEL = "-Onone";
				TARGETED_DEVICE_FAMILY = "1,2";
			};
			name = Debug;
		};
		FFBF6CD21E681DF6008B7F73 /* Release */ = {
			isa = XCBuildConfiguration;
			buildSettings = {
				ALWAYS_SEARCH_USER_PATHS = NO;
				CLANG_ANALYZER_NONNULL = YES;
				CLANG_CXX_LANGUAGE_STANDARD = "gnu++0x";
				CLANG_CXX_LIBRARY = "libc++";
				CLANG_ENABLE_MODULES = YES;
				CLANG_ENABLE_OBJC_ARC = YES;
				CLANG_WARN_BLOCK_CAPTURE_AUTORELEASING = YES;
				CLANG_WARN_BOOL_CONVERSION = YES;
				CLANG_WARN_COMMA = YES;
				CLANG_WARN_CONSTANT_CONVERSION = YES;
				CLANG_WARN_DIRECT_OBJC_ISA_USAGE = YES_ERROR;
				CLANG_WARN_DOCUMENTATION_COMMENTS = YES;
				CLANG_WARN_EMPTY_BODY = YES;
				CLANG_WARN_ENUM_CONVERSION = YES;
				CLANG_WARN_INFINITE_RECURSION = YES;
				CLANG_WARN_INT_CONVERSION = YES;
				CLANG_WARN_NON_LITERAL_NULL_CONVERSION = YES;
				CLANG_WARN_OBJC_LITERAL_CONVERSION = YES;
				CLANG_WARN_OBJC_ROOT_CLASS = YES_ERROR;
				CLANG_WARN_RANGE_LOOP_ANALYSIS = YES;
				CLANG_WARN_STRICT_PROTOTYPES = YES;
				CLANG_WARN_SUSPICIOUS_MOVE = YES;
				CLANG_WARN_UNREACHABLE_CODE = YES;
				CLANG_WARN__DUPLICATE_METHOD_MATCH = YES;
				"CODE_SIGN_IDENTITY[sdk=iphoneos*]" = "iPhone Developer";
				COPY_PHASE_STRIP = NO;
				DEBUG_INFORMATION_FORMAT = "dwarf-with-dsym";
				ENABLE_NS_ASSERTIONS = NO;
				ENABLE_STRICT_OBJC_MSGSEND = YES;
				GCC_C_LANGUAGE_STANDARD = gnu99;
				GCC_NO_COMMON_BLOCKS = YES;
				GCC_WARN_64_TO_32_BIT_CONVERSION = YES;
				GCC_WARN_ABOUT_RETURN_TYPE = YES_ERROR;
				GCC_WARN_UNDECLARED_SELECTOR = YES;
				GCC_WARN_UNINITIALIZED_AUTOS = YES_AGGRESSIVE;
				GCC_WARN_UNUSED_FUNCTION = YES;
				GCC_WARN_UNUSED_VARIABLE = YES;
				IPHONEOS_DEPLOYMENT_TARGET = 10.2;
				MTL_ENABLE_DEBUG_INFO = NO;
				SDKROOT = iphoneos;
				SWIFT_OPTIMIZATION_LEVEL = "-Owholemodule";
				TARGETED_DEVICE_FAMILY = "1,2";
				VALIDATE_PRODUCT = YES;
			};
			name = Release;
		};
		FFBF6CD41E681DF6008B7F73 /* Debug */ = {
			isa = XCBuildConfiguration;
			buildSettings = {
				ASSETCATALOG_COMPILER_APPICON_NAME = AppIcon;
				"CODE_SIGN_IDENTITY[sdk=iphoneos*]" = "iPhone Developer";
				CODE_SIGN_STYLE = Automatic;
				DEVELOPMENT_TEAM = TMQ7PR2UWW;
				FRAMEWORK_SEARCH_PATHS = (
					"$(inherited)",
					"$(PROJECT_DIR)/HorizontalMenuDemo",
				);
				INFOPLIST_FILE = HorizontalMenuDemo/Info.plist;
				IPHONEOS_DEPLOYMENT_TARGET = 9.0;
				LD_RUNPATH_SEARCH_PATHS = "$(inherited) @executable_path/Frameworks";
				PRODUCT_BUNDLE_IDENTIFIER = "-PG.HorizontalMenuDemo";
				PRODUCT_NAME = "$(TARGET_NAME)";
				PROVISIONING_PROFILE = "";
				PROVISIONING_PROFILE_SPECIFIER = "";
				SWIFT_SWIFT3_OBJC_INFERENCE = On;
				SWIFT_VERSION = 4.0;
			};
			name = Debug;
		};
		FFBF6CD51E681DF6008B7F73 /* Release */ = {
			isa = XCBuildConfiguration;
			buildSettings = {
				ASSETCATALOG_COMPILER_APPICON_NAME = AppIcon;
				"CODE_SIGN_IDENTITY[sdk=iphoneos*]" = "iPhone Developer";
				CODE_SIGN_STYLE = Automatic;
				DEVELOPMENT_TEAM = TMQ7PR2UWW;
				FRAMEWORK_SEARCH_PATHS = (
					"$(inherited)",
					"$(PROJECT_DIR)/HorizontalMenuDemo",
				);
				INFOPLIST_FILE = HorizontalMenuDemo/Info.plist;
				IPHONEOS_DEPLOYMENT_TARGET = 9.0;
				LD_RUNPATH_SEARCH_PATHS = "$(inherited) @executable_path/Frameworks";
				PRODUCT_BUNDLE_IDENTIFIER = "-PG.HorizontalMenuDemo";
				PRODUCT_NAME = "$(TARGET_NAME)";
				PROVISIONING_PROFILE = "";
				PROVISIONING_PROFILE_SPECIFIER = "";
				SWIFT_SWIFT3_OBJC_INFERENCE = On;
				SWIFT_VERSION = 4.0;
			};
			name = Release;
		};
		FFBF6CD71E681DF6008B7F73 /* Debug */ = {
			isa = XCBuildConfiguration;
			buildSettings = {
				ALWAYS_EMBED_SWIFT_STANDARD_LIBRARIES = YES;
				INFOPLIST_FILE = HorizontalMenuDemoUITests/Info.plist;
				LD_RUNPATH_SEARCH_PATHS = "$(inherited) @executable_path/Frameworks @loader_path/Frameworks";
				PRODUCT_BUNDLE_IDENTIFIER = "-PG.HorizontalMenuDemoUITests";
				PRODUCT_NAME = "$(TARGET_NAME)";
				SWIFT_SWIFT3_OBJC_INFERENCE = On;
				SWIFT_VERSION = 4.0;
				TEST_TARGET_NAME = HorizontalMenuDemo;
			};
			name = Debug;
		};
		FFBF6CD81E681DF6008B7F73 /* Release */ = {
			isa = XCBuildConfiguration;
			buildSettings = {
				ALWAYS_EMBED_SWIFT_STANDARD_LIBRARIES = YES;
				INFOPLIST_FILE = HorizontalMenuDemoUITests/Info.plist;
				LD_RUNPATH_SEARCH_PATHS = "$(inherited) @executable_path/Frameworks @loader_path/Frameworks";
				PRODUCT_BUNDLE_IDENTIFIER = "-PG.HorizontalMenuDemoUITests";
				PRODUCT_NAME = "$(TARGET_NAME)";
				SWIFT_SWIFT3_OBJC_INFERENCE = On;
				SWIFT_VERSION = 4.0;
				TEST_TARGET_NAME = HorizontalMenuDemo;
			};
			name = Release;
		};
/* End XCBuildConfiguration section */

/* Begin XCConfigurationList section */
		FFBF6CB11E681DF6008B7F73 /* Build configuration list for PBXProject "HorizontalMenuDemo" */ = {
			isa = XCConfigurationList;
			buildConfigurations = (
				FFBF6CD11E681DF6008B7F73 /* Debug */,
				FFBF6CD21E681DF6008B7F73 /* Release */,
			);
			defaultConfigurationIsVisible = 0;
			defaultConfigurationName = Release;
		};
		FFBF6CD31E681DF6008B7F73 /* Build configuration list for PBXNativeTarget "HorizontalMenuDemo" */ = {
			isa = XCConfigurationList;
			buildConfigurations = (
				FFBF6CD41E681DF6008B7F73 /* Debug */,
				FFBF6CD51E681DF6008B7F73 /* Release */,
			);
			defaultConfigurationIsVisible = 0;
			defaultConfigurationName = Release;
		};
		FFBF6CD61E681DF6008B7F73 /* Build configuration list for PBXNativeTarget "HorizontalMenuDemoUITests" */ = {
			isa = XCConfigurationList;
			buildConfigurations = (
				FFBF6CD71E681DF6008B7F73 /* Debug */,
				FFBF6CD81E681DF6008B7F73 /* Release */,
			);
			defaultConfigurationIsVisible = 0;
			defaultConfigurationName = Release;
		};
/* End XCConfigurationList section */
	};
	rootObject = FFBF6CAE1E681DF6008B7F73 /* Project object */;
}
